PODS:
  - Kingfisher (8.10.0)
  - QCloudCore/WithoutMTA (6.5.7)
  - QCloudCOSXML/Transfer (6.5.7):
    - QCloudCore/WithoutMTA (= 6.5.7)
  - SnapKit (5.7.1)
  - VolcEngineRTC/Core (3.60.106.600)
  - VolcEngineRTC/RealXBase (3.60.106.600)
  - VolcEngineRTC/RTCFFmpeg (3.60.106.600)
  - XmaxSDK (1.0.2):
    - QCloudCOSXML/Transfer (= 6.5.7)
    - VolcEngineRTC/Core (= 3.60.106.600)
    - VolcEngineRTC/RealXBase (= 3.60.106.600)
    - VolcEngineRTC/RTCFFmpeg (= 3.60.106.600)
  - XmaxSDK/Tests (1.0.2):
    - QCloudCOSXML/Transfer (= 6.5.7)
    - VolcEngineRTC/Core (= 3.60.106.600)
    - VolcEngineRTC/RealXBase (= 3.60.106.600)
    - VolcEngineRTC/RTCFFmpeg (= 3.60.106.600)

DEPENDENCIES:
  - Kingfisher (= 8.10.0)
  - SnapKit (= 5.7.1)
  - XmaxSDK (from `../..`)
  - XmaxSDK/Tests (from `../..`)

SPEC REPOS:
  https://github.com/volcengine/volcengine-specs.git:
    - VolcEngineRTC
  trunk:
    - Kingfisher
    - QCloudCore
    - QCloudCOSXML
    - SnapKit

EXTERNAL SOURCES:
  XmaxSDK:
    :path: "../.."

SPEC CHECKSUMS:
  Kingfisher: db468f911dd666c9134dcbeec4db8bed52e4132d
  QCloudCore: ff21b867b51f1d7e043c5013a3f876cd29bdca63
  QCloudCOSXML: 35ef870a55a58d193eeb62c37c8904630740480e
  SnapKit: d612e99e678a2d3b95bf60b0705ed0a35c03484a
  VolcEngineRTC: 3dae32878b5edec218ddea722e90934e55fabb1e
  XmaxSDK: 842bcfbfc53af4e371f29aef536ef8359bd57a63

PODFILE CHECKSUM: ed82cbd05bf30a352319abbb9794c5d8bb5cd67f

COCOAPODS: 1.17.0
