// !$*UTF8*$!
{
	archiveVersion = 1;
	classes = {
	};
	objectVersion = 56;
	objects = {

/* Begin PBXBuildFile section */
		100000000000000000000001 /* AppDelegate.swift in Sources */ = {isa = PBXBuildFile; fileRef = 200000000000000000000001 /* AppDelegate.swift */; };
		B10000000000000000000001 /* SceneDelegate.swift in Sources */ = {isa = PBXBuildFile; fileRef = B20000000000000000000001 /* SceneDelegate.swift */; };
		C10000000000000000000001 /* XLToast.swift in Sources */ = {isa = PBXBuildFile; fileRef = C20000000000000000000001 /* XLToast.swift */; };
		D10000000000000000000001 /* Assets.xcassets in Resources */ = {isa = PBXBuildFile; fileRef = D20000000000000000000001 /* Assets.xcassets */; };
		D10000000000000000000002 /* FeedViewController.swift in Sources */ = {isa = PBXBuildFile; fileRef = D20000000000000000000002 /* FeedViewController.swift */; };
		D10000000000000000000003 /* FeedComponents.swift in Sources */ = {isa = PBXBuildFile; fileRef = D20000000000000000000003 /* FeedComponents.swift */; };
		E10000000000000000000001 /* StorageViewController.swift in Sources */ = {isa = PBXBuildFile; fileRef = E20000000000000000000001 /* StorageViewController.swift */; };
		F01D3860A57CC15F489DE622 /* Pods_XLab.framework in Frameworks */ = {isa = PBXBuildFile; fileRef = EBAA2913445C4F5CC88E3DD8 /* Pods_XLab.framework */; };
		F10000000000000000000001 /* RealtimeViewController.swift in Sources */ = {isa = PBXBuildFile; fileRef = F20000000000000000000001 /* RealtimeViewController.swift */; };
		F11000000000000000000001 /* RealtimeCameraSwitchButton.swift in Sources */ = {isa = PBXBuildFile; fileRef = F21000000000000000000001 /* RealtimeCameraSwitchButton.swift */; };
		F11000000000000000000002 /* RealtimeControlPanelView.swift in Sources */ = {isa = PBXBuildFile; fileRef = F21000000000000000000002 /* RealtimeControlPanelView.swift */; };
		F11000000000000000000003 /* RealtimeLoadingOverlay.swift in Sources */ = {isa = PBXBuildFile; fileRef = F21000000000000000000003 /* RealtimeLoadingOverlay.swift */; };
		F11000000000000000000004 /* RealtimePreviewBackdropView.swift in Sources */ = {isa = PBXBuildFile; fileRef = F21000000000000000000004 /* RealtimePreviewBackdropView.swift */; };
		F11000000000000000000005 /* RealtimePromptFieldView.swift in Sources */ = {isa = PBXBuildFile; fileRef = F21000000000000000000005 /* RealtimePromptFieldView.swift */; };
		F11000000000000000000006 /* RealtimePromptKeyboardView.swift in Sources */ = {isa = PBXBuildFile; fileRef = F21000000000000000000006 /* RealtimePromptKeyboardView.swift */; };
		F11000000000000000000007 /* RealtimePromptReferenceButton.swift in Sources */ = {isa = PBXBuildFile; fileRef = F21000000000000000000007 /* RealtimePromptReferenceButton.swift */; };
		F11000000000000000000008 /* RealtimeReferenceListView.swift in Sources */ = {isa = PBXBuildFile; fileRef = F21000000000000000000008 /* RealtimeReferenceListView.swift */; };
		F11000000000000000000009 /* RealtimeLocalInput.swift in Sources */ = {isa = PBXBuildFile; fileRef = F21000000000000000000009 /* RealtimeLocalInput.swift */; };
		F1100000000000000000000A /* RealtimeReferenceCatalog.swift in Sources */ = {isa = PBXBuildFile; fileRef = F2100000000000000000000A /* RealtimeReferenceCatalog.swift */; };
/* End PBXBuildFile section */

/* Begin PBXFileReference section */
		200000000000000000000001 /* AppDelegate.swift */ = {isa = PBXFileReference; lastKnownFileType = sourcecode.swift; path = AppDelegate.swift; sourceTree = "<group>"; };
		200000000000000000000003 /* Info.plist */ = {isa = PBXFileReference; lastKnownFileType = text.plist.xml; path = Info.plist; sourceTree = "<group>"; };
		200000000000000000000004 /* XLab.app */ = {isa = PBXFileReference; explicitFileType = wrapper.application; includeInIndex = 0; path = XLab.app; sourceTree = BUILT_PRODUCTS_DIR; };
		B20000000000000000000001 /* SceneDelegate.swift */ = {isa = PBXFileReference; lastKnownFileType = sourcecode.swift; path = SceneDelegate.swift; sourceTree = "<group>"; };
		BA64761B3F0C5E70C3CD0A2F /* Pods-XLab.release.xcconfig */ = {isa = PBXFileReference; includeInIndex = 1; lastKnownFileType = text.xcconfig; name = "Pods-XLab.release.xcconfig"; path = "Target Support Files/Pods-XLab/Pods-XLab.release.xcconfig"; sourceTree = "<group>"; };
		C20000000000000000000001 /* XLToast.swift */ = {isa = PBXFileReference; lastKnownFileType = sourcecode.swift; path = XLToast.swift; sourceTree = "<group>"; };
		D20000000000000000000001 /* Assets.xcassets */ = {isa = PBXFileReference; lastKnownFileType = folder.assetcatalog; path = Assets.xcassets; sourceTree = "<group>"; };
		D20000000000000000000002 /* FeedViewController.swift */ = {isa = PBXFileReference; lastKnownFileType = sourcecode.swift; path = FeedViewController.swift; sourceTree = "<group>"; };
		D20000000000000000000003 /* FeedComponents.swift */ = {isa = PBXFileReference; lastKnownFileType = sourcecode.swift; path = FeedComponents.swift; sourceTree = "<group>"; };
		D5E3D72FF7E497A643EBD858 /* Pods-XLab.debug.xcconfig */ = {isa = PBXFileReference; includeInIndex = 1; lastKnownFileType = text.xcconfig; name = "Pods-XLab.debug.xcconfig"; path = "Target Support Files/Pods-XLab/Pods-XLab.debug.xcconfig"; sourceTree = "<group>"; };
		E20000000000000000000001 /* StorageViewController.swift */ = {isa = PBXFileReference; lastKnownFileType = sourcecode.swift; path = StorageViewController.swift; sourceTree = "<group>"; };
		EBAA2913445C4F5CC88E3DD8 /* Pods_XLab.framework */ = {isa = PBXFileReference; explicitFileType = wrapper.framework; includeInIndex = 0; path = Pods_XLab.framework; sourceTree = BUILT_PRODUCTS_DIR; };
		F20000000000000000000001 /* RealtimeViewController.swift */ = {isa = PBXFileReference; lastKnownFileType = sourcecode.swift; path = RealtimeViewController.swift; sourceTree = "<group>"; };
		F21000000000000000000001 /* RealtimeCameraSwitchButton.swift */ = {isa = PBXFileReference; lastKnownFileType = sourcecode.swift; path = RealtimeCameraSwitchButton.swift; sourceTree = "<group>"; };
		F21000000000000000000002 /* RealtimeControlPanelView.swift */ = {isa = PBXFileReference; lastKnownFileType = sourcecode.swift; path = RealtimeControlPanelView.swift; sourceTree = "<group>"; };
		F21000000000000000000003 /* RealtimeLoadingOverlay.swift */ = {isa = PBXFileReference; lastKnownFileType = sourcecode.swift; path = RealtimeLoadingOverlay.swift; sourceTree = "<group>"; };
		F21000000000000000000004 /* RealtimePreviewBackdropView.swift */ = {isa = PBXFileReference; lastKnownFileType = sourcecode.swift; path = RealtimePreviewBackdropView.swift; sourceTree = "<group>"; };
		F21000000000000000000005 /* RealtimePromptFieldView.swift */ = {isa = PBXFileReference; lastKnownFileType = sourcecode.swift; path = RealtimePromptFieldView.swift; sourceTree = "<group>"; };
		F21000000000000000000006 /* RealtimePromptKeyboardView.swift */ = {isa = PBXFileReference; lastKnownFileType = sourcecode.swift; path = RealtimePromptKeyboardView.swift; sourceTree = "<group>"; };
		F21000000000000000000007 /* RealtimePromptReferenceButton.swift */ = {isa = PBXFileReference; lastKnownFileType = sourcecode.swift; path = RealtimePromptReferenceButton.swift; sourceTree = "<group>"; };
		F21000000000000000000008 /* RealtimeReferenceListView.swift */ = {isa = PBXFileReference; lastKnownFileType = sourcecode.swift; path = RealtimeReferenceListView.swift; sourceTree = "<group>"; };
		F21000000000000000000009 /* RealtimeLocalInput.swift */ = {isa = PBXFileReference; lastKnownFileType = sourcecode.swift; path = RealtimeLocalInput.swift; sourceTree = "<group>"; };
		F2100000000000000000000A /* RealtimeReferenceCatalog.swift */ = {isa = PBXFileReference; lastKnownFileType = sourcecode.swift; path = RealtimeReferenceCatalog.swift; sourceTree = "<group>"; };
/* End PBXFileReference section */

/* Begin PBXFrameworksBuildPhase section */
		300000000000000000000001 /* Frameworks */ = {
			isa = PBXFrameworksBuildPhase;
			buildActionMask = 2147483647;
			files = (
				F01D3860A57CC15F489DE622 /* Pods_XLab.framework in Frameworks */,
			);
			runOnlyForDeploymentPostprocessing = 0;
		};
/* End PBXFrameworksBuildPhase section */

/* Begin PBXGroup section */
		400000000000000000000001 = {
			isa = PBXGroup;
			children = (
				400000000000000000000002 /* XLab */,
				400000000000000000000003 /* Products */,
				A556804D3D23FF78A0CA9B77 /* Pods */,
				690C6DA96B3BD327674A6601 /* Frameworks */,
			);
			sourceTree = "<group>";
		};
		400000000000000000000002 /* XLab */ = {
			isa = PBXGroup;
			children = (
				200000000000000000000001 /* AppDelegate.swift */,
				B20000000000000000000001 /* SceneDelegate.swift */,
				C30000000000000000000001 /* Components */,
				C00000000000000000000001 /* Modules */,
				D30000000000000000000001 /* Resources */,
				200000000000000000000003 /* Info.plist */,
			);
			path = XLab;
			sourceTree = "<group>";
		};
		400000000000000000000003 /* Products */ = {
			isa = PBXGroup;
			children = (
				200000000000000000000004 /* XLab.app */,
			);
			name = Products;
			sourceTree = "<group>";
		};
		690C6DA96B3BD327674A6601 /* Frameworks */ = {
			isa = PBXGroup;
			children = (
				EBAA2913445C4F5CC88E3DD8 /* Pods_XLab.framework */,
			);
			name = Frameworks;
			sourceTree = "<group>";
		};
		A556804D3D23FF78A0CA9B77 /* Pods */ = {
			isa = PBXGroup;
			children = (
				D5E3D72FF7E497A643EBD858 /* Pods-XLab.debug.xcconfig */,
				BA64761B3F0C5E70C3CD0A2F /* Pods-XLab.release.xcconfig */,
			);
			path = Pods;
			sourceTree = "<group>";
		};
		C00000000000000000000001 /* Modules */ = {
			isa = PBXGroup;
			children = (
				C00000000000000000000002 /* XLRealtime */,
				C00000000000000000000003 /* XLFeed */,
				C00000000000000000000004 /* XLStorage */,
			);
			path = Modules;
			sourceTree = "<group>";
		};
		C00000000000000000000002 /* XLRealtime */ = {
			isa = PBXGroup;
			children = (
				F20000000000000000000001 /* RealtimeViewController.swift */,
				C00000000000000000000006 /* Model */,
				C00000000000000000000005 /* View */,
			);
			path = XLRealtime;
			sourceTree = "<group>";
		};
		C00000000000000000000003 /* XLFeed */ = {
			isa = PBXGroup;
			children = (
				D20000000000000000000002 /* FeedViewController.swift */,
				D20000000000000000000003 /* FeedComponents.swift */,
			);
			path = XLFeed;
			sourceTree = "<group>";
		};
		C00000000000000000000004 /* XLStorage */ = {
			isa = PBXGroup;
			children = (
				E20000000000000000000001 /* StorageViewController.swift */,
			);
			path = XLStorage;
			sourceTree = "<group>";
		};
		C00000000000000000000005 /* View */ = {
			isa = PBXGroup;
			children = (
				F21000000000000000000001 /* RealtimeCameraSwitchButton.swift */,
				F21000000000000000000002 /* RealtimeControlPanelView.swift */,
				F21000000000000000000003 /* RealtimeLoadingOverlay.swift */,
				F21000000000000000000004 /* RealtimePreviewBackdropView.swift */,
				F21000000000000000000005 /* RealtimePromptFieldView.swift */,
				F21000000000000000000006 /* RealtimePromptKeyboardView.swift */,
				F21000000000000000000007 /* RealtimePromptReferenceButton.swift */,
				F21000000000000000000008 /* RealtimeReferenceListView.swift */,
			);
			path = View;
			sourceTree = "<group>";
		};
		C00000000000000000000006 /* Model */ = {
			isa = PBXGroup;
			children = (
				F21000000000000000000009 /* RealtimeLocalInput.swift */,
				F2100000000000000000000A /* RealtimeReferenceCatalog.swift */,
			);
			path = Model;
			sourceTree = "<group>";
		};
		C30000000000000000000001 /* Components */ = {
			isa = PBXGroup;
			children = (
				C20000000000000000000001 /* XLToast.swift */,
			);
			path = Components;
			sourceTree = "<group>";
		};
		D30000000000000000000001 /* Resources */ = {
			isa = PBXGroup;
			children = (
				D20000000000000000000001 /* Assets.xcassets */,
			);
			path = Resources;
			sourceTree = "<group>";
		};
/* End PBXGroup section */

/* Begin PBXNativeTarget section */
		500000000000000000000001 /* XLab */ = {
			isa = PBXNativeTarget;
			buildConfigurationList = 800000000000000000000002 /* Build configuration list for PBXNativeTarget "XLab" */;
			buildPhases = (
				9DBD7F7DDA9E9905BA581F7A /* [CP] Check Pods Manifest.lock */,
				700000000000000000000001 /* Sources */,
				300000000000000000000001 /* Frameworks */,
				D40000000000000000000001 /* Resources */,
				2A4254CA27D2399F36026A10 /* [CP] Embed Pods Frameworks */,
			);
			buildRules = (
			);
			dependencies = (
			);
			name = XLab;
			productName = XLab;
			productReference = 200000000000000000000004 /* XLab.app */;
			productType = "com.apple.product-type.application";
		};
/* End PBXNativeTarget section */

/* Begin PBXProject section */
		600000000000000000000001 /* Project object */ = {
			isa = PBXProject;
			attributes = {
				BuildIndependentTargetsInParallel = 1;
				LastSwiftUpdateCheck = 1600;
				LastUpgradeCheck = 1600;
				TargetAttributes = {
					500000000000000000000001 = {
						CreatedOnToolsVersion = 16.0;
					};
				};
			};
			buildConfigurationList = 800000000000000000000001 /* Build configuration list for PBXProject "XLab" */;
			compatibilityVersion = "Xcode 14.0";
			developmentRegion = en;
			hasScannedForEncodings = 0;
			knownRegions = (
				en,
				Base,
			);
			mainGroup = 400000000000000000000001;
			productRefGroup = 400000000000000000000003 /* Products */;
			projectDirPath = "";
			projectRoot = "";
			targets = (
				500000000000000000000001 /* XLab */,
			);
		};
/* End PBXProject section */

/* Begin PBXResourcesBuildPhase section */
		D40000000000000000000001 /* Resources */ = {
			isa = PBXResourcesBuildPhase;
			buildActionMask = 2147483647;
			files = (
				D10000000000000000000001 /* Assets.xcassets in Resources */,
			);
			runOnlyForDeploymentPostprocessing = 0;
		};
/* End PBXResourcesBuildPhase section */

/* Begin PBXShellScriptBuildPhase section */
		2A4254CA27D2399F36026A10 /* [CP] Embed Pods Frameworks */ = {
			isa = PBXShellScriptBuildPhase;
			buildActionMask = 2147483647;
			files = (
			);
			inputFileListPaths = (
				"${PODS_ROOT}/Target Support Files/Pods-XLab/Pods-XLab-frameworks-${CONFIGURATION}-input-files.xcfilelist",
			);
			name = "[CP] Embed Pods Frameworks";
			outputFileListPaths = (
				"${PODS_ROOT}/Target Support Files/Pods-XLab/Pods-XLab-frameworks-${CONFIGURATION}-output-files.xcfilelist",
			);
			runOnlyForDeploymentPostprocessing = 0;
			shellPath = /bin/sh;
			shellScript = "\"${PODS_ROOT}/Target Support Files/Pods-XLab/Pods-XLab-frameworks.sh\"\n";
			showEnvVarsInLog = 0;
		};
		9DBD7F7DDA9E9905BA581F7A /* [CP] Check Pods Manifest.lock */ = {
			isa = PBXShellScriptBuildPhase;
			buildActionMask = 2147483647;
			files = (
			);
			inputFileListPaths = (
			);
			inputPaths = (
				"${PODS_PODFILE_DIR_PATH}/Podfile.lock",
				"${PODS_ROOT}/Manifest.lock",
			);
			name = "[CP] Check Pods Manifest.lock";
			outputFileListPaths = (
			);
			outputPaths = (
				"$(DERIVED_FILE_DIR)/Pods-XLab-checkManifestLockResult.txt",
			);
			runOnlyForDeploymentPostprocessing = 0;
			shellPath = /bin/sh;
			shellScript = "diff \"${PODS_PODFILE_DIR_PATH}/Podfile.lock\" \"${PODS_ROOT}/Manifest.lock\" > /dev/null\nif [ $? != 0 ] ; then\n    # print error to STDERR\n    echo \"error: The sandbox is not in sync with the Podfile.lock. Run 'pod install' or update your CocoaPods installation.\" >&2\n    exit 1\nfi\n# This output is used by Xcode 'outputs' to avoid re-running this script phase.\necho \"SUCCESS\" > \"${SCRIPT_OUTPUT_FILE_0}\"\n";
			showEnvVarsInLog = 0;
		};
/* End PBXShellScriptBuildPhase section */

/* Begin PBXSourcesBuildPhase section */
		700000000000000000000001 /* Sources */ = {
			isa = PBXSourcesBuildPhase;
			buildActionMask = 2147483647;
			files = (
				100000000000000000000001 /* AppDelegate.swift in Sources */,
				B10000000000000000000001 /* SceneDelegate.swift in Sources */,
				C10000000000000000000001 /* XLToast.swift in Sources */,
				D10000000000000000000002 /* FeedViewController.swift in Sources */,
				D10000000000000000000003 /* FeedComponents.swift in Sources */,
				E10000000000000000000001 /* StorageViewController.swift in Sources */,
				F10000000000000000000001 /* RealtimeViewController.swift in Sources */,
				F11000000000000000000001 /* RealtimeCameraSwitchButton.swift in Sources */,
				F11000000000000000000002 /* RealtimeControlPanelView.swift in Sources */,
				F11000000000000000000003 /* RealtimeLoadingOverlay.swift in Sources */,
				F11000000000000000000004 /* RealtimePreviewBackdropView.swift in Sources */,
				F11000000000000000000005 /* RealtimePromptFieldView.swift in Sources */,
				F11000000000000000000006 /* RealtimePromptKeyboardView.swift in Sources */,
				F11000000000000000000007 /* RealtimePromptReferenceButton.swift in Sources */,
				F11000000000000000000008 /* RealtimeReferenceListView.swift in Sources */,
				F11000000000000000000009 /* RealtimeLocalInput.swift in Sources */,
				F1100000000000000000000A /* RealtimeReferenceCatalog.swift in Sources */,
			);
			runOnlyForDeploymentPostprocessing = 0;
		};
/* End PBXSourcesBuildPhase section */

/* Begin XCBuildConfiguration section */
		A00000000000000000000001 /* Debug */ = {
			isa = XCBuildConfiguration;
			buildSettings = {
				ALWAYS_SEARCH_USER_PATHS = NO;
				CLANG_ENABLE_MODULES = YES;
				IPHONEOS_DEPLOYMENT_TARGET = 15.0;
				SDKROOT = iphoneos;
				SWIFT_VERSION = 6.0;
			};
			name = Debug;
		};
		A00000000000000000000002 /* Release */ = {
			isa = XCBuildConfiguration;
			buildSettings = {
				ALWAYS_SEARCH_USER_PATHS = NO;
				CLANG_ENABLE_MODULES = YES;
				IPHONEOS_DEPLOYMENT_TARGET = 15.0;
				SDKROOT = iphoneos;
				SWIFT_VERSION = 6.0;
			};
			name = Release;
		};
		A00000000000000000000003 /* Debug */ = {
			isa = XCBuildConfiguration;
			baseConfigurationReference = D5E3D72FF7E497A643EBD858 /* Pods-XLab.debug.xcconfig */;
			buildSettings = {
				CODE_SIGN_STYLE = Automatic;
				CURRENT_PROJECT_VERSION = 1;
				DEVELOPMENT_TEAM = 6699VXB63W;
				"EXCLUDED_ARCHS[sdk=iphonesimulator*]" = "";
				GENERATE_INFOPLIST_FILE = NO;
				INFOPLIST_FILE = XLab/Info.plist;
				IPHONEOS_DEPLOYMENT_TARGET = 15.0;
				MARKETING_VERSION = 0.1.0;
				PRODUCT_BUNDLE_IDENTIFIER = com.xmax.xlab.ios;
				PRODUCT_NAME = "$(TARGET_NAME)";
				SWIFT_EMIT_LOC_STRINGS = YES;
				SWIFT_VERSION = 6.0;
				TARGETED_DEVICE_FAMILY = "1,2";
			};
			name = Debug;
		};
		A00000000000000000000004 /* Release */ = {
			isa = XCBuildConfiguration;
			baseConfigurationReference = BA64761B3F0C5E70C3CD0A2F /* Pods-XLab.release.xcconfig */;
			buildSettings = {
				CODE_SIGN_STYLE = Automatic;
				CURRENT_PROJECT_VERSION = 1;
				DEVELOPMENT_TEAM = 6699VXB63W;
				"EXCLUDED_ARCHS[sdk=iphonesimulator*]" = "";
				GENERATE_INFOPLIST_FILE = NO;
				INFOPLIST_FILE = XLab/Info.plist;
				IPHONEOS_DEPLOYMENT_TARGET = 15.0;
				MARKETING_VERSION = 0.1.0;
				PRODUCT_BUNDLE_IDENTIFIER = com.xmax.xlab.ios;
				PRODUCT_NAME = "$(TARGET_NAME)";
				SWIFT_EMIT_LOC_STRINGS = YES;
				SWIFT_VERSION = 6.0;
				TARGETED_DEVICE_FAMILY = "1,2";
			};
			name = Release;
		};
/* End XCBuildConfiguration section */

/* Begin XCConfigurationList section */
		800000000000000000000001 /* Build configuration list for PBXProject "XLab" */ = {
			isa = XCConfigurationList;
			buildConfigurations = (
				A00000000000000000000001 /* Debug */,
				A00000000000000000000002 /* Release */,
			);
			defaultConfigurationIsVisible = 0;
			defaultConfigurationName = Release;
		};
		800000000000000000000002 /* Build configuration list for PBXNativeTarget "XLab" */ = {
			isa = XCConfigurationList;
			buildConfigurations = (
				A00000000000000000000003 /* Debug */,
				A00000000000000000000004 /* Release */,
			);
			defaultConfigurationIsVisible = 0;
			defaultConfigurationName = Release;
		};
/* End XCConfigurationList section */
	};
	rootObject = 600000000000000000000001 /* Project object */;
}
